
Microsoft Visual Studio Solution File, Format Version 12.00
# Visual Studio Version 16
VisualStudioVersion = 16.0.33927.289
MinimumVisualStudioVersion = 10.0.40219.1
Project("{2150E333-8FDC-42A3-9474-1A3956D46DE8}") = "Task0", "Task0", "{64553EFC-D5C8-43F6-83F9-BB4D76DC354F}"
EndProject
Project("{FAE04EC0-301F-11D3-BF4B-00C04F79EFBC}") = "Tyuiu.ChurinDV.Sprint0.Task0.V0", "Tyuiu.ChurinDV.Sprint0.Task0.V0\Tyuiu.ChurinDV.Sprint0.Task0.V0.csproj", "{BF96C291-9E97-4869-91B7-628E30F41FFF}"
EndProject
Project("{2150E333-8FDC-42A3-9474-1A3956D46DE8}") = "Task1", "Task1", "{B686C3B7-08C2-4972-8098-C48B8F356E9C}"
EndProject
Project("{FAE04EC0-301F-11D3-BF4B-00C04F79EFBC}") = "Tyuiu.ChurinDV.Sprint0.Task1.V0", "Tyuiu.ChurinDV.Sprint0.Task1.V0\Tyuiu.ChurinDV.Sprint0.Task1.V0.csproj", "{C560F110-C348-4E37-951B-8EC30B78C794}"
EndProject
Project("{2150E333-8FDC-42A3-9474-1A3956D46DE8}") = "Task2", "Task2", "{FE0266B9-1042-4EA8-A383-DD6078E3996C}"
EndProject
Project("{FAE04EC0-301F-11D3-BF4B-00C04F79EFBC}") = "Tyuiu.ChurinDV.Sprint0.Task2.V0", "Tyuiu.ChurinDV.Sprint0.Task2.V0\Tyuiu.ChurinDV.Sprint0.Task2.V0.csproj", "{5E71153B-9F1F-4148-8DCD-621B8A1382A6}"
EndProject
Project("{FAE04EC0-301F-11D3-BF4B-00C04F79EFBC}") = "Tyuiu.ChurinDV.Sprint0.Task2.V0.Lib", "Tyuiu.ChurinDV.Sprint0.Task2.V0.Lib\Tyuiu.ChurinDV.Sprint0.Task2.V0.Lib.csproj", "{11A462B7-37FB-441F-AD83-B631310F9E7F}"
EndProject
Project("{FAE04EC0-301F-11D3-BF4B-00C04F79EFBC}") = "Tyuiu.ChurinDV.Sprint0.Task2.V0.Test", "Tyuiu.ChurinDV.Sprint0.Task2.V0.Test\Tyuiu.ChurinDV.Sprint0.Task2.V0.Test.csproj", "{B3FB33CC-DF91-4559-B2D1-8D81AD3D350A}"
EndProject
Project("{2150E333-8FDC-42A3-9474-1A3956D46DE8}") = "Task3", "Task3", "{319543A4-B2AB-42A7-86E2-3DDD9EC0F345}"
EndProject
Project("{FAE04EC0-301F-11D3-BF4B-00C04F79EFBC}") = "Tyuiu.ChurinDV.Sprint0.Task3.V0.Lib", "Tyuiu.ChurinDV.Sprint0.Task3.V0.Lib\Tyuiu.ChurinDV.Sprint0.Task3.V0.Lib.csproj", "{0ABE50DD-5094-4570-A379-7B8F8FBE1407}"
EndProject
Project("{FAE04EC0-301F-11D3-BF4B-00C04F79EFBC}") = "Tyuiu.ChurinDV.Sprint0.Task3.V0.Test", "Tyuiu.ChurinDV.Sprint0.Task3.V0.Test\Tyuiu.ChurinDV.Sprint0.Task3.V0.Test.csproj", "{352E8659-DEC2-4297-8072-FDEE1E98BF4E}"
EndProject
Project("{FAE04EC0-301F-11D3-BF4B-00C04F79EFBC}") = "Tyuiu.ChurinDV.Sprint0.Task3.V0", "Tyuiu.ChurinDV.Sprint0.Task3.V0\Tyuiu.ChurinDV.Sprint0.Task3.V0.csproj", "{1C5489EC-A719-4A21-8AFE-93FEB9D71AC7}"
EndProject
Project("{2150E333-8FDC-42A3-9474-1A3956D46DE8}") = "Task4", "Task4", "{A1C5EB67-4F89-4346-B8CA-8C81B1C8FD5F}"
EndProject
Project("{FAE04EC0-301F-11D3-BF4B-00C04F79EFBC}") = "Tyuiu.ChurinDV.Sprint0.Task4.V0", "Tyuiu.ChurinDV.Sprint0.Task4.V0\Tyuiu.ChurinDV.Sprint0.Task4.V0.csproj", "{80D20F47-FD22-4172-BC28-653F5EA342C2}"
EndProject
Project("{FAE04EC0-301F-11D3-BF4B-00C04F79EFBC}") = "Tyuiu.ChurinDV.Sprint0.Task4.V0.Test", "Tyuiu.ChurinDV.Sprint0.Task4.V0.Test\Tyuiu.ChurinDV.Sprint0.Task4.V0.Test.csproj", "{51058DA6-6F96-46AE-AC99-457F2CD1C0F4}"
EndProject
Project("{FAE04EC0-301F-11D3-BF4B-00C04F79EFBC}") = "Tyuiu.ChurinDV.Sprint0.Task4.V0.Lib", "Tyuiu.ChurinDV.Sprint0.Task4.V0.Lib\Tyuiu.ChurinDV.Sprint0.Task4.V0.Lib.csproj", "{85E63FA1-1C32-4852-A676-6881F00BEA72}"
EndProject
Global
	GlobalSection(SolutionConfigurationPlatforms) = preSolution
		Debug|Any CPU = Debug|Any CPU
		Release|Any CPU = Release|Any CPU
	EndGlobalSection
	GlobalSection(ProjectConfigurationPlatforms) = postSolution
		{BF96C291-9E97-4869-91B7-628E30F41FFF}.Debug|Any CPU.ActiveCfg = Debug|Any CPU
		{BF96C291-9E97-4869-91B7-628E30F41FFF}.Debug|Any CPU.Build.0 = Debug|Any CPU
		{BF96C291-9E97-4869-91B7-628E30F41FFF}.Release|Any CPU.ActiveCfg = Release|Any CPU
		{BF96C291-9E97-4869-91B7-628E30F41FFF}.Release|Any CPU.Build.0 = Release|Any CPU
		{C560F110-C348-4E37-951B-8EC30B78C794}.Debug|Any CPU.ActiveCfg = Debug|Any CPU
		{C560F110-C348-4E37-951B-8EC30B78C794}.Debug|Any CPU.Build.0 = Debug|Any CPU
		{C560F110-C348-4E37-951B-8EC30B78C794}.Release|Any CPU.ActiveCfg = Release|Any CPU
		{C560F110-C348-4E37-951B-8EC30B78C794}.Release|Any CPU.Build.0 = Release|Any CPU
		{5E71153B-9F1F-4148-8DCD-621B8A1382A6}.Debug|Any CPU.ActiveCfg = Debug|Any CPU
		{5E71153B-9F1F-4148-8DCD-621B8A1382A6}.Debug|Any CPU.Build.0 = Debug|Any CPU
		{5E71153B-9F1F-4148-8DCD-621B8A1382A6}.Release|Any CPU.ActiveCfg = Release|Any CPU
		{5E71153B-9F1F-4148-8DCD-621B8A1382A6}.Release|Any CPU.Build.0 = Release|Any CPU
		{11A462B7-37FB-441F-AD83-B631310F9E7F}.Debug|Any CPU.ActiveCfg = Debug|Any CPU
		{11A462B7-37FB-441F-AD83-B631310F9E7F}.Debug|Any CPU.Build.0 = Debug|Any CPU
		{11A462B7-37FB-441F-AD83-B631310F9E7F}.Release|Any CPU.ActiveCfg = Release|Any CPU
		{11A462B7-37FB-441F-AD83-B631310F9E7F}.Release|Any CPU.Build.0 = Release|Any CPU
		{B3FB33CC-DF91-4559-B2D1-8D81AD3D350A}.Debug|Any CPU.ActiveCfg = Debug|Any CPU
		{B3FB33CC-DF91-4559-B2D1-8D81AD3D350A}.Debug|Any CPU.Build.0 = Debug|Any CPU
		{B3FB33CC-DF91-4559-B2D1-8D81AD3D350A}.Release|Any CPU.ActiveCfg = Release|Any CPU
		{B3FB33CC-DF91-4559-B2D1-8D81AD3D350A}.Release|Any CPU.Build.0 = Release|Any CPU
		{0ABE50DD-5094-4570-A379-7B8F8FBE1407}.Debug|Any CPU.ActiveCfg = Debug|Any CPU
		{0ABE50DD-5094-4570-A379-7B8F8FBE1407}.Debug|Any CPU.Build.0 = Debug|Any CPU
		{0ABE50DD-5094-4570-A379-7B8F8FBE1407}.Release|Any CPU.ActiveCfg = Release|Any CPU
		{0ABE50DD-5094-4570-A379-7B8F8FBE1407}.Release|Any CPU.Build.0 = Release|Any CPU
		{352E8659-DEC2-4297-8072-FDEE1E98BF4E}.Debug|Any CPU.ActiveCfg = Debug|Any CPU
		{352E8659-DEC2-4297-8072-FDEE1E98BF4E}.Debug|Any CPU.Build.0 = Debug|Any CPU
		{352E8659-DEC2-4297-8072-FDEE1E98BF4E}.Release|Any CPU.ActiveCfg = Release|Any CPU
		{352E8659-DEC2-4297-8072-FDEE1E98BF4E}.Release|Any CPU.Build.0 = Release|Any CPU
		{1C5489EC-A719-4A21-8AFE-93FEB9D71AC7}.Debug|Any CPU.ActiveCfg = Debug|Any CPU
		{1C5489EC-A719-4A21-8AFE-93FEB9D71AC7}.Debug|Any CPU.Build.0 = Debug|Any CPU
		{1C5489EC-A719-4A21-8AFE-93FEB9D71AC7}.Release|Any CPU.ActiveCfg = Release|Any CPU
		{1C5489EC-A719-4A21-8AFE-93FEB9D71AC7}.Release|Any CPU.Build.0 = Release|Any CPU
		{80D20F47-FD22-4172-BC28-653F5EA342C2}.Debug|Any CPU.ActiveCfg = Debug|Any CPU
		{80D20F47-FD22-4172-BC28-653F5EA342C2}.Debug|Any CPU.Build.0 = Debug|Any CPU
		{80D20F47-FD22-4172-BC28-653F5EA342C2}.Release|Any CPU.ActiveCfg = Release|Any CPU
		{80D20F47-FD22-4172-BC28-653F5EA342C2}.Release|Any CPU.Build.0 = Release|Any CPU
		{51058DA6-6F96-46AE-AC99-457F2CD1C0F4}.Debug|Any CPU.ActiveCfg = Debug|Any CPU
		{51058DA6-6F96-46AE-AC99-457F2CD1C0F4}.Debug|Any CPU.Build.0 = Debug|Any CPU
		{51058DA6-6F96-46AE-AC99-457F2CD1C0F4}.Release|Any CPU.ActiveCfg = Release|Any CPU
		{51058DA6-6F96-46AE-AC99-457F2CD1C0F4}.Release|Any CPU.Build.0 = Release|Any CPU
		{85E63FA1-1C32-4852-A676-6881F00BEA72}.Debug|Any CPU.ActiveCfg = Debug|Any CPU
		{85E63FA1-1C32-4852-A676-6881F00BEA72}.Debug|Any CPU.Build.0 = Debug|Any CPU
		{85E63FA1-1C32-4852-A676-6881F00BEA72}.Release|Any CPU.ActiveCfg = Release|Any CPU
		{85E63FA1-1C32-4852-A676-6881F00BEA72}.Release|Any CPU.Build.0 = Release|Any CPU
	EndGlobalSection
	GlobalSection(SolutionProperties) = preSolution
		HideSolutionNode = FALSE
	EndGlobalSection
	GlobalSection(NestedProjects) = preSolution
		{BF96C291-9E97-4869-91B7-628E30F41FFF} = {64553EFC-D5C8-43F6-83F9-BB4D76DC354F}
		{C560F110-C348-4E37-951B-8EC30B78C794} = {B686C3B7-08C2-4972-8098-C48B8F356E9C}
		{5E71153B-9F1F-4148-8DCD-621B8A1382A6} = {FE0266B9-1042-4EA8-A383-DD6078E3996C}
		{11A462B7-37FB-441F-AD83-B631310F9E7F} = {FE0266B9-1042-4EA8-A383-DD6078E3996C}
		{B3FB33CC-DF91-4559-B2D1-8D81AD3D350A} = {FE0266B9-1042-4EA8-A383-DD6078E3996C}
		{0ABE50DD-5094-4570-A379-7B8F8FBE1407} = {319543A4-B2AB-42A7-86E2-3DDD9EC0F345}
		{352E8659-DEC2-4297-8072-FDEE1E98BF4E} = {319543A4-B2AB-42A7-86E2-3DDD9EC0F345}
		{1C5489EC-A719-4A21-8AFE-93FEB9D71AC7} = {319543A4-B2AB-42A7-86E2-3DDD9EC0F345}
		{80D20F47-FD22-4172-BC28-653F5EA342C2} = {A1C5EB67-4F89-4346-B8CA-8C81B1C8FD5F}
		{51058DA6-6F96-46AE-AC99-457F2CD1C0F4} = {A1C5EB67-4F89-4346-B8CA-8C81B1C8FD5F}
		{85E63FA1-1C32-4852-A676-6881F00BEA72} = {A1C5EB67-4F89-4346-B8CA-8C81B1C8FD5F}
	EndGlobalSection
	GlobalSection(ExtensibilityGlobals) = postSolution
		SolutionGuid = {953035DE-3541-40B9-97DB-14658B5A42E1}
	EndGlobalSection
EndGlobal
